
Microsoft Visual Studio Solution File, Format Version 12.00
# Visual Studio Version 17
VisualStudioVersion = 17.8.34330.188
MinimumVisualStudioVersion = 10.0.40219.1
Project("{9A19103F-16F7-4668-BE54-9A1E7A4F7556}") = "RestfulBankApi", "RestfulBankApi\RestfulBankApi.csproj", "{7CFEAF29-76CD-45A7-80E9-A8D5B3A4914A}"
EndProject
Project("{FAE04EC0-301F-11D3-BF4B-00C04F79EFBC}") = "RestfulBankApi.Tests", "RestfulBankApi.Tests\RestfulBankApi.Tests.csproj", "{334B2773-8618-4D2B-B3EB-A6B6429373D3}"
EndProject
Global
	GlobalSection(SolutionConfigurationPlatforms) = preSolution
		Debug|Any CPU = Debug|Any CPU
		Release|Any CPU = Release|Any CPU
	EndGlobalSection
	GlobalSection(ProjectConfigurationPlatforms) = postSolution
		{7CFEAF29-76CD-45A7-80E9-A8D5B3A4914A}.Debug|Any CPU.ActiveCfg = Debug|Any CPU
		{7CFEAF29-76CD-45A7-80E9-A8D5B3A4914A}.Debug|Any CPU.Build.0 = Debug|Any CPU
		{7CFEAF29-76CD-45A7-80E9-A8D5B3A4914A}.Release|Any CPU.ActiveCfg = Release|Any CPU
		{7CFEAF29-76CD-45A7-80E9-A8D5B3A4914A}.Release|Any CPU.Build.0 = Release|Any CPU
		{334B2773-8618-4D2B-B3EB-A6B6429373D3}.Debug|Any CPU.ActiveCfg = Debug|Any CPU
		{334B2773-8618-4D2B-B3EB-A6B6429373D3}.Debug|Any CPU.Build.0 = Debug|Any CPU
		{334B2773-8618-4D2B-B3EB-A6B6429373D3}.Release|Any CPU.ActiveCfg = Release|Any CPU
		{334B2773-8618-4D2B-B3EB-A6B6429373D3}.Release|Any CPU.Build.0 = Release|Any CPU
	EndGlobalSection
	GlobalSection(SolutionProperties) = preSolution
		HideSolutionNode = FALSE
	EndGlobalSection
	GlobalSection(ExtensibilityGlobals) = postSolution
		SolutionGuid = {D681DC2B-0560-4A12-AED8-743891799E58}
	EndGlobalSection
EndGlobal
